
Microsoft Visual Studio Solution File, Format Version 12.00
# Visual Studio Version 16
VisualStudioVersion = 16.0.30611.23
MinimumVisualStudioVersion = 10.0.40219.1
Project("{FAE04EC0-301F-11D3-BF4B-00C04F79EFBC}") = "ProyectoAdo", "ProyectoAdo\ProyectoAdo.csproj", "{CA7B973F-7052-415D-9C35-180263F8C72B}"
EndProject
Global
	GlobalSection(SolutionConfigurationPlatforms) = preSolution
		Debug|Any CPU = Debug|Any CPU
		Release|Any CPU = Release|Any CPU
	EndGlobalSection
	GlobalSection(ProjectConfigurationPlatforms) = postSolution
		{CA7B973F-7052-415D-9C35-180263F8C72B}.Debug|Any CPU.ActiveCfg = Debug|Any CPU
		{CA7B973F-7052-415D-9C35-180263F8C72B}.Debug|Any CPU.Build.0 = Debug|Any CPU
		{CA7B973F-7052-415D-9C35-180263F8C72B}.Release|Any CPU.ActiveCfg = Release|Any CPU
		{CA7B973F-7052-415D-9C35-180263F8C72B}.Release|Any CPU.Build.0 = Release|Any CPU
	EndGlobalSection
	GlobalSection(SolutionProperties) = preSolution
		HideSolutionNode = FALSE
	EndGlobalSection
	GlobalSection(ExtensibilityGlobals) = postSolution
		SolutionGuid = {0C3FD4D3-C9D8-4252-85F4-FF99DA94FC61}
	EndGlobalSection
EndGlobal
